
Microsoft Visual Studio Solution File, Format Version 12.00
# Visual Studio Version 17
VisualStudioVersion = 17.12.35527.113 d17.12
MinimumVisualStudioVersion = 10.0.40219.1
Project("{FAE04EC0-301F-11D3-BF4B-00C04F79EFBC}") = "DailyChallenges", "DailyChallenges\DailyChallenges.csproj", "{8CC72DA3-ED03-47BA-A17E-A2D3B52EDCC2}"
EndProject
Project("{FAE04EC0-301F-11D3-BF4B-00C04F79EFBC}") = "DailyChallenges.Test", "DailyChallenges.Test\DailyChallenges.Test.csproj", "{078938B0-023B-4CBB-B747-FEBA4B379236}"
	ProjectSection(ProjectDependencies) = postProject
		{8CC72DA3-ED03-47BA-A17E-A2D3B52EDCC2} = {8CC72DA3-ED03-47BA-A17E-A2D3B52EDCC2}
	EndProjectSection
EndProject
Global
	GlobalSection(SolutionConfigurationPlatforms) = preSolution
		Debug|Any CPU = Debug|Any CPU
		Release|Any CPU = Release|Any CPU
	EndGlobalSection
	GlobalSection(ProjectConfigurationPlatforms) = postSolution
		{8CC72DA3-ED03-47BA-A17E-A2D3B52EDCC2}.Debug|Any CPU.ActiveCfg = Debug|Any CPU
		{8CC72DA3-ED03-47BA-A17E-A2D3B52EDCC2}.Debug|Any CPU.Build.0 = Debug|Any CPU
		{8CC72DA3-ED03-47BA-A17E-A2D3B52EDCC2}.Release|Any CPU.ActiveCfg = Release|Any CPU
		{8CC72DA3-ED03-47BA-A17E-A2D3B52EDCC2}.Release|Any CPU.Build.0 = Release|Any CPU
		{078938B0-023B-4CBB-B747-FEBA4B379236}.Debug|Any CPU.ActiveCfg = Debug|Any CPU
		{078938B0-023B-4CBB-B747-FEBA4B379236}.Debug|Any CPU.Build.0 = Debug|Any CPU
		{078938B0-023B-4CBB-B747-FEBA4B379236}.Release|Any CPU.ActiveCfg = Release|Any CPU
		{078938B0-023B-4CBB-B747-FEBA4B379236}.Release|Any CPU.Build.0 = Release|Any CPU
	EndGlobalSection
	GlobalSection(SolutionProperties) = preSolution
		HideSolutionNode = FALSE
	EndGlobalSection
EndGlobal
